
Microsoft Visual Studio Solution File, Format Version 12.00
# Visual Studio Version 16
VisualStudioVersion = 16.0.29318.209
MinimumVisualStudioVersion = 10.0.40219.1
Project("{FAE04EC0-301F-11D3-BF4B-00C04F79EFBC}") = "TrashCollectorProject", "TrashCollectorProject\TrashCollectorProject.csproj", "{DAAEC939-79A6-4998-9E03-1F34332D307B}"
EndProject
Global
	GlobalSection(SolutionConfigurationPlatforms) = preSolution
		Debug|Any CPU = Debug|Any CPU
		Release|Any CPU = Release|Any CPU
	EndGlobalSection
	GlobalSection(ProjectConfigurationPlatforms) = postSolution
		{DAAEC939-79A6-4998-9E03-1F34332D307B}.Debug|Any CPU.ActiveCfg = Debug|Any CPU
		{DAAEC939-79A6-4998-9E03-1F34332D307B}.Debug|Any CPU.Build.0 = Debug|Any CPU
		{DAAEC939-79A6-4998-9E03-1F34332D307B}.Release|Any CPU.ActiveCfg = Release|Any CPU
		{DAAEC939-79A6-4998-9E03-1F34332D307B}.Release|Any CPU.Build.0 = Release|Any CPU
	EndGlobalSection
	GlobalSection(SolutionProperties) = preSolution
		HideSolutionNode = FALSE
	EndGlobalSection
	GlobalSection(ExtensibilityGlobals) = postSolution
		SolutionGuid = {EE20D67F-4A9C-4129-A8BE-0F947A057032}
	EndGlobalSection
EndGlobal
